
Microsoft Visual Studio Solution File, Format Version 12.00
# Visual Studio Version 17
VisualStudioVersion = 17.9.34714.143
MinimumVisualStudioVersion = 10.0.40219.1
Project("{FAE04EC0-301F-11D3-BF4B-00C04F79EFBC}") = "AuthorizationActivityServer", "AuthorizationActivityServer\AuthorizationActivityServer.csproj", "{0EA4AE5F-301A-4A70-9498-18D31D11D44B}"
EndProject
Global
	GlobalSection(SolutionConfigurationPlatforms) = preSolution
		Debug|Any CPU = Debug|Any CPU
		Release|Any CPU = Release|Any CPU
	EndGlobalSection
	GlobalSection(ProjectConfigurationPlatforms) = postSolution
		{0EA4AE5F-301A-4A70-9498-18D31D11D44B}.Debug|Any CPU.ActiveCfg = Debug|Any CPU
		{0EA4AE5F-301A-4A70-9498-18D31D11D44B}.Debug|Any CPU.Build.0 = Debug|Any CPU
		{0EA4AE5F-301A-4A70-9498-18D31D11D44B}.Release|Any CPU.ActiveCfg = Release|Any CPU
		{0EA4AE5F-301A-4A70-9498-18D31D11D44B}.Release|Any CPU.Build.0 = Release|Any CPU
	EndGlobalSection
	GlobalSection(SolutionProperties) = preSolution
		HideSolutionNode = FALSE
	EndGlobalSection
	GlobalSection(ExtensibilityGlobals) = postSolution
		SolutionGuid = {A252E68A-0FE0-4557-84D9-2AE8EA8CB791}
	EndGlobalSection
EndGlobal
